
Microsoft Visual Studio Solution File, Format Version 12.00
# Visual Studio 15
VisualStudioVersion = 15.0.28307.329
MinimumVisualStudioVersion = 10.0.40219.1
Project("{FAE04EC0-301F-11D3-BF4B-00C04F79EFBC}") = "ParcialFriend", "ParcialFriend\ParcialFriend.csproj", "{69658BAC-21E2-41E3-A88F-0AFA1476307A}"
EndProject
Global
	GlobalSection(SolutionConfigurationPlatforms) = preSolution
		Debug|Any CPU = Debug|Any CPU
		Release|Any CPU = Release|Any CPU
	EndGlobalSection
	GlobalSection(ProjectConfigurationPlatforms) = postSolution
		{69658BAC-21E2-41E3-A88F-0AFA1476307A}.Debug|Any CPU.ActiveCfg = Debug|Any CPU
		{69658BAC-21E2-41E3-A88F-0AFA1476307A}.Debug|Any CPU.Build.0 = Debug|Any CPU
		{69658BAC-21E2-41E3-A88F-0AFA1476307A}.Release|Any CPU.ActiveCfg = Release|Any CPU
		{69658BAC-21E2-41E3-A88F-0AFA1476307A}.Release|Any CPU.Build.0 = Release|Any CPU
	EndGlobalSection
	GlobalSection(SolutionProperties) = preSolution
		HideSolutionNode = FALSE
	EndGlobalSection
	GlobalSection(ExtensibilityGlobals) = postSolution
		SolutionGuid = {102875C9-CC28-464B-94F9-DF1AE2446D57}
	EndGlobalSection
EndGlobal
